{
    "name": "fomoxa-fixtures-js",
    "lockfileVersion": 3,
    "requires": true,
    "packages": {
        "": {
            "name": "fomoxa-fixtures-js",
            "dependencies": {
                "@fomoxa/net": "file:../sdk/typescript"
            }
        },
        "../sdk/typescript": {
            "name": "@fomoxa/net",
            "version": "0.1.0"
        },
        "node_modules/@fomoxa/net": {
            "resolved": "../sdk/typescript",
            "link": true
        }
    }
}
